
Microsoft Visual Studio Solution File, Format Version 12.00
# Visual Studio Version 16
VisualStudioVersion = 16.0.29709.97
MinimumVisualStudioVersion = 10.0.40219.1
Project("{9A19103F-16F7-4668-BE54-9A1E7A4F7556}") = "SecureBencoderUnitTests", "BencoderUnitTests\SecureBencoderUnitTests.csproj", "{6C347971-4319-4DBE-A3CA-29B1567E46A1}"
EndProject
Project("{9A19103F-16F7-4668-BE54-9A1E7A4F7556}") = "SecureTorrentTracker", "SecureTorrentTracker\SecureTorrentTracker.csproj", "{D04CCF44-564D-4F50-9ED5-18A210E74D4B}"
EndProject
Project("{9A19103F-16F7-4668-BE54-9A1E7A4F7556}") = "Domain", "Domain\Domain.csproj", "{8C55EBAF-B03F-4915-85AF-B38F083D59E8}"
EndProject
Project("{9A19103F-16F7-4668-BE54-9A1E7A4F7556}") = "FileDividerTests", "FileDividerTests\FileDividerTests.csproj", "{C5746F2D-F298-4B30-98D5-BE89531E00CF}"
EndProject
Project("{FAE04EC0-301F-11D3-BF4B-00C04F79EFBC}") = "MetainfoTests", "MetainfoTests\MetainfoTests.csproj", "{B8DE8AD0-933B-4E90-9B9B-4402C5F3CB0F}"
EndProject
Global
	GlobalSection(SolutionConfigurationPlatforms) = preSolution
		Debug|Any CPU = Debug|Any CPU
		Release|Any CPU = Release|Any CPU
	EndGlobalSection
	GlobalSection(ProjectConfigurationPlatforms) = postSolution
		{6C347971-4319-4DBE-A3CA-29B1567E46A1}.Debug|Any CPU.ActiveCfg = Debug|Any CPU
		{6C347971-4319-4DBE-A3CA-29B1567E46A1}.Debug|Any CPU.Build.0 = Debug|Any CPU
		{6C347971-4319-4DBE-A3CA-29B1567E46A1}.Release|Any CPU.ActiveCfg = Release|Any CPU
		{6C347971-4319-4DBE-A3CA-29B1567E46A1}.Release|Any CPU.Build.0 = Release|Any CPU
		{D04CCF44-564D-4F50-9ED5-18A210E74D4B}.Debug|Any CPU.ActiveCfg = Debug|Any CPU
		{D04CCF44-564D-4F50-9ED5-18A210E74D4B}.Debug|Any CPU.Build.0 = Debug|Any CPU
		{D04CCF44-564D-4F50-9ED5-18A210E74D4B}.Release|Any CPU.ActiveCfg = Release|Any CPU
		{D04CCF44-564D-4F50-9ED5-18A210E74D4B}.Release|Any CPU.Build.0 = Release|Any CPU
		{8C55EBAF-B03F-4915-85AF-B38F083D59E8}.Debug|Any CPU.ActiveCfg = Debug|Any CPU
		{8C55EBAF-B03F-4915-85AF-B38F083D59E8}.Debug|Any CPU.Build.0 = Debug|Any CPU
		{8C55EBAF-B03F-4915-85AF-B38F083D59E8}.Release|Any CPU.ActiveCfg = Release|Any CPU
		{8C55EBAF-B03F-4915-85AF-B38F083D59E8}.Release|Any CPU.Build.0 = Release|Any CPU
		{C5746F2D-F298-4B30-98D5-BE89531E00CF}.Debug|Any CPU.ActiveCfg = Debug|Any CPU
		{C5746F2D-F298-4B30-98D5-BE89531E00CF}.Debug|Any CPU.Build.0 = Debug|Any CPU
		{C5746F2D-F298-4B30-98D5-BE89531E00CF}.Release|Any CPU.ActiveCfg = Release|Any CPU
		{C5746F2D-F298-4B30-98D5-BE89531E00CF}.Release|Any CPU.Build.0 = Release|Any CPU
		{B8DE8AD0-933B-4E90-9B9B-4402C5F3CB0F}.Debug|Any CPU.ActiveCfg = Debug|Any CPU
		{B8DE8AD0-933B-4E90-9B9B-4402C5F3CB0F}.Debug|Any CPU.Build.0 = Debug|Any CPU
		{B8DE8AD0-933B-4E90-9B9B-4402C5F3CB0F}.Release|Any CPU.ActiveCfg = Release|Any CPU
		{B8DE8AD0-933B-4E90-9B9B-4402C5F3CB0F}.Release|Any CPU.Build.0 = Release|Any CPU
	EndGlobalSection
	GlobalSection(SolutionProperties) = preSolution
		HideSolutionNode = FALSE
	EndGlobalSection
	GlobalSection(ExtensibilityGlobals) = postSolution
		SolutionGuid = {153F56E0-E397-40B0-AEFD-AFC53B412B07}
	EndGlobalSection
EndGlobal
